
Microsoft Visual Studio Solution File, Format Version 12.00
# Visual Studio 2013
VisualStudioVersion = 12.0.30110.0
MinimumVisualStudioVersion = 10.0.40219.1
Project("{8BC9CEB8-8B4A-11D0-8D11-00A0C91BC942}") = "Question 3", "Question 3\Question 3.vcxproj", "{485C0295-7812-4A97-84F5-3F0B4F45D93E}"
EndProject
Project("{8BC9CEB8-8B4A-11D0-8D11-00A0C91BC942}") = "Question 4", "Question 4\Question 4.vcxproj", "{F02FBC1C-7C6F-46C9-8BEE-AF15C7136120}"
EndProject
Project("{8BC9CEB8-8B4A-11D0-8D11-00A0C91BC942}") = "Question 5", "Question 5\Question 5.vcxproj", "{D5A7EBD7-FF6D-48C5-8B18-3B1329920930}"
EndProject
Project("{8BC9CEB8-8B4A-11D0-8D11-00A0C91BC942}") = "Question 6", "Question 6\Question 6.vcxproj", "{0E593445-B390-425E-9F45-94F21F39BC49}"
EndProject
Project("{8BC9CEB8-8B4A-11D0-8D11-00A0C91BC942}") = "Question 7", "Question 7\Question 7.vcxproj", "{A6D40996-1A58-472F-B424-6843B6EEDD93}"
EndProject
Project("{8BC9CEB8-8B4A-11D0-8D11-00A0C91BC942}") = "Question 1", "Question 1\Question 1.vcxproj", "{AC0EBF0B-64A4-4B72-98F1-CBC18D1E8B38}"
EndProject
Global
	GlobalSection(SolutionConfigurationPlatforms) = preSolution
		Debug|Win32 = Debug|Win32
		Release|Win32 = Release|Win32
	EndGlobalSection
	GlobalSection(ProjectConfigurationPlatforms) = postSolution
		{485C0295-7812-4A97-84F5-3F0B4F45D93E}.Debug|Win32.ActiveCfg = Debug|Win32
		{485C0295-7812-4A97-84F5-3F0B4F45D93E}.Debug|Win32.Build.0 = Debug|Win32
		{485C0295-7812-4A97-84F5-3F0B4F45D93E}.Release|Win32.ActiveCfg = Release|Win32
		{485C0295-7812-4A97-84F5-3F0B4F45D93E}.Release|Win32.Build.0 = Release|Win32
		{F02FBC1C-7C6F-46C9-8BEE-AF15C7136120}.Debug|Win32.ActiveCfg = Debug|Win32
		{F02FBC1C-7C6F-46C9-8BEE-AF15C7136120}.Debug|Win32.Build.0 = Debug|Win32
		{F02FBC1C-7C6F-46C9-8BEE-AF15C7136120}.Release|Win32.ActiveCfg = Release|Win32
		{F02FBC1C-7C6F-46C9-8BEE-AF15C7136120}.Release|Win32.Build.0 = Release|Win32
		{D5A7EBD7-FF6D-48C5-8B18-3B1329920930}.Debug|Win32.ActiveCfg = Debug|Win32
		{D5A7EBD7-FF6D-48C5-8B18-3B1329920930}.Debug|Win32.Build.0 = Debug|Win32
		{D5A7EBD7-FF6D-48C5-8B18-3B1329920930}.Release|Win32.ActiveCfg = Release|Win32
		{D5A7EBD7-FF6D-48C5-8B18-3B1329920930}.Release|Win32.Build.0 = Release|Win32
		{0E593445-B390-425E-9F45-94F21F39BC49}.Debug|Win32.ActiveCfg = Debug|Win32
		{0E593445-B390-425E-9F45-94F21F39BC49}.Debug|Win32.Build.0 = Debug|Win32
		{0E593445-B390-425E-9F45-94F21F39BC49}.Release|Win32.ActiveCfg = Release|Win32
		{0E593445-B390-425E-9F45-94F21F39BC49}.Release|Win32.Build.0 = Release|Win32
		{A6D40996-1A58-472F-B424-6843B6EEDD93}.Debug|Win32.ActiveCfg = Debug|Win32
		{A6D40996-1A58-472F-B424-6843B6EEDD93}.Debug|Win32.Build.0 = Debug|Win32
		{A6D40996-1A58-472F-B424-6843B6EEDD93}.Release|Win32.ActiveCfg = Release|Win32
		{A6D40996-1A58-472F-B424-6843B6EEDD93}.Release|Win32.Build.0 = Release|Win32
		{AC0EBF0B-64A4-4B72-98F1-CBC18D1E8B38}.Debug|Win32.ActiveCfg = Debug|Win32
		{AC0EBF0B-64A4-4B72-98F1-CBC18D1E8B38}.Debug|Win32.Build.0 = Debug|Win32
		{AC0EBF0B-64A4-4B72-98F1-CBC18D1E8B38}.Release|Win32.ActiveCfg = Release|Win32
		{AC0EBF0B-64A4-4B72-98F1-CBC18D1E8B38}.Release|Win32.Build.0 = Release|Win32
	EndGlobalSection
	GlobalSection(SolutionProperties) = preSolution
		HideSolutionNode = FALSE
	EndGlobalSection
EndGlobal
